// !$*UTF8*$!
{
	archiveVersion = 1;
	classes = {
	};
	objectVersion = 46;
	objects = {

/* Begin PBXBuildFile section */
		5430F7AD1F1D0E3D00CC37CC /* AppDelegate.swift in Sources */ = {isa = PBXBuildFile; fileRef = 5430F7AC1F1D0E3D00CC37CC /* AppDelegate.swift */; };
		5430F7AF1F1D0E3D00CC37CC /* PeopleViewController.swift in Sources */ = {isa = PBXBuildFile; fileRef = 5430F7AE1F1D0E3D00CC37CC /* PeopleViewController.swift */; };
		5430F7B21F1D0E3D00CC37CC /* Main.storyboard in Resources */ = {isa = PBXBuildFile; fileRef = 5430F7B01F1D0E3D00CC37CC /* Main.storyboard */; };
		5430F7B51F1D0E3D00CC37CC /* Star_Wars_Encyclopedia.xcdatamodeld in Sources */ = {isa = PBXBuildFile; fileRef = 5430F7B31F1D0E3D00CC37CC /* Star_Wars_Encyclopedia.xcdatamodeld */; };
		5430F7B71F1D0E3D00CC37CC /* Assets.xcassets in Resources */ = {isa = PBXBuildFile; fileRef = 5430F7B61F1D0E3D00CC37CC /* Assets.xcassets */; };
		5430F7BA1F1D0E3D00CC37CC /* LaunchScreen.storyboard in Resources */ = {isa = PBXBuildFile; fileRef = 5430F7B81F1D0E3D00CC37CC /* LaunchScreen.storyboard */; };
		5430F7C21F1D65E300CC37CC /* FilmsViewController.swift in Sources */ = {isa = PBXBuildFile; fileRef = 5430F7C11F1D65E300CC37CC /* FilmsViewController.swift */; };
/* End PBXBuildFile section */

/* Begin PBXFileReference section */
		5430F7A91F1D0E3D00CC37CC /* Star Wars Encyclopedia.app */ = {isa = PBXFileReference; explicitFileType = wrapper.application; includeInIndex = 0; path = "Star Wars Encyclopedia.app"; sourceTree = BUILT_PRODUCTS_DIR; };
		5430F7AC1F1D0E3D00CC37CC /* AppDelegate.swift */ = {isa = PBXFileReference; lastKnownFileType = sourcecode.swift; path = AppDelegate.swift; sourceTree = "<group>"; };
		5430F7AE1F1D0E3D00CC37CC /* PeopleViewController.swift */ = {isa = PBXFileReference; lastKnownFileType = sourcecode.swift; path = PeopleViewController.swift; sourceTree = "<group>"; };
		5430F7B11F1D0E3D00CC37CC /* Base */ = {isa = PBXFileReference; lastKnownFileType = file.storyboard; name = Base; path = Base.lproj/Main.storyboard; sourceTree = "<group>"; };
		5430F7B41F1D0E3D00CC37CC /* Star_Wars_Encyclopedia.xcdatamodel */ = {isa = PBXFileReference; lastKnownFileType = wrapper.xcdatamodel; path = Star_Wars_Encyclopedia.xcdatamodel; sourceTree = "<group>"; };
		5430F7B61F1D0E3D00CC37CC /* Assets.xcassets */ = {isa = PBXFileReference; lastKnownFileType = folder.assetcatalog; path = Assets.xcassets; sourceTree = "<group>"; };
		5430F7B91F1D0E3D00CC37CC /* Base */ = {isa = PBXFileReference; lastKnownFileType = file.storyboard; name = Base; path = Base.lproj/LaunchScreen.storyboard; sourceTree = "<group>"; };
		5430F7BB1F1D0E3D00CC37CC /* Info.plist */ = {isa = PBXFileReference; lastKnownFileType = text.plist.xml; path = Info.plist; sourceTree = "<group>"; };
		5430F7C11F1D65E300CC37CC /* FilmsViewController.swift */ = {isa = PBXFileReference; fileEncoding = 4; lastKnownFileType = sourcecode.swift; path = FilmsViewController.swift; sourceTree = "<group>"; };
/* End PBXFileReference section */

/* Begin PBXFrameworksBuildPhase section */
		5430F7A61F1D0E3D00CC37CC /* Frameworks */ = {
			isa = PBXFrameworksBuildPhase;
			buildActionMask = 2147483647;
			files = (
			);
			runOnlyForDeploymentPostprocessing = 0;
		};
/* End PBXFrameworksBuildPhase section */

/* Begin PBXGroup section */
		5430F7A01F1D0E3D00CC37CC = {
			isa = PBXGroup;
			children = (
				5430F7AB1F1D0E3D00CC37CC /* Star Wars Encyclopedia */,
				5430F7AA1F1D0E3D00CC37CC /* Products */,
			);
			sourceTree = "<group>";
		};
		5430F7AA1F1D0E3D00CC37CC /* Products */ = {
			isa = PBXGroup;
			children = (
				5430F7A91F1D0E3D00CC37CC /* Star Wars Encyclopedia.app */,
			);
			name = Products;
			sourceTree = "<group>";
		};
		5430F7AB1F1D0E3D00CC37CC /* Star Wars Encyclopedia */ = {
			isa = PBXGroup;
			children = (
				5430F7AC1F1D0E3D00CC37CC /* AppDelegate.swift */,
				5430F7AE1F1D0E3D00CC37CC /* PeopleViewController.swift */,
				5430F7C11F1D65E300CC37CC /* FilmsViewController.swift */,
				5430F7B01F1D0E3D00CC37CC /* Main.storyboard */,
				5430F7B61F1D0E3D00CC37CC /* Assets.xcassets */,
				5430F7B81F1D0E3D00CC37CC /* LaunchScreen.storyboard */,
				5430F7BB1F1D0E3D00CC37CC /* Info.plist */,
				5430F7B31F1D0E3D00CC37CC /* Star_Wars_Encyclopedia.xcdatamodeld */,
			);
			path = "Star Wars Encyclopedia";
			sourceTree = "<group>";
		};
/* End PBXGroup section */

/* Begin PBXNativeTarget section */
		5430F7A81F1D0E3D00CC37CC /* Star Wars Encyclopedia */ = {
			isa = PBXNativeTarget;
			buildConfigurationList = 5430F7BE1F1D0E3D00CC37CC /* Build configuration list for PBXNativeTarget "Star Wars Encyclopedia" */;
			buildPhases = (
				5430F7A51F1D0E3D00CC37CC /* Sources */,
				5430F7A61F1D0E3D00CC37CC /* Frameworks */,
				5430F7A71F1D0E3D00CC37CC /* Resources */,
			);
			buildRules = (
			);
			dependencies = (
			);
			name = "Star Wars Encyclopedia";
			productName = "Star Wars Encyclopedia";
			productReference = 5430F7A91F1D0E3D00CC37CC /* Star Wars Encyclopedia.app */;
			productType = "com.apple.product-type.application";
		};
/* End PBXNativeTarget section */

/* Begin PBXProject section */
		5430F7A11F1D0E3D00CC37CC /* Project object */ = {
			isa = PBXProject;
			attributes = {
				LastSwiftUpdateCheck = 0830;
				LastUpgradeCheck = 0830;
				ORGANIZATIONNAME = "Seth Bishop";
				TargetAttributes = {
					5430F7A81F1D0E3D00CC37CC = {
						CreatedOnToolsVersion = 8.3.3;
						DevelopmentTeam = NT777CYM8D;
						ProvisioningStyle = Automatic;
					};
				};
			};
			buildConfigurationList = 5430F7A41F1D0E3D00CC37CC /* Build configuration list for PBXProject "Star Wars Encyclopedia" */;
			compatibilityVersion = "Xcode 3.2";
			developmentRegion = English;
			hasScannedForEncodings = 0;
			knownRegions = (
				en,
				Base,
			);
			mainGroup = 5430F7A01F1D0E3D00CC37CC;
			productRefGroup = 5430F7AA1F1D0E3D00CC37CC /* Products */;
			projectDirPath = "";
			projectRoot = "";
			targets = (
				5430F7A81F1D0E3D00CC37CC /* Star Wars Encyclopedia */,
			);
		};
/* End PBXProject section */

/* Begin PBXResourcesBuildPhase section */
		5430F7A71F1D0E3D00CC37CC /* Resources */ = {
			isa = PBXResourcesBuildPhase;
			buildActionMask = 2147483647;
			files = (
				5430F7BA1F1D0E3D00CC37CC /* LaunchScreen.storyboard in Resources */,
				5430F7B71F1D0E3D00CC37CC /* Assets.xcassets in Resources */,
				5430F7B21F1D0E3D00CC37CC /* Main.storyboard in Resources */,
			);
			runOnlyForDeploymentPostprocessing = 0;
		};
/* End PBXResourcesBuildPhase section */

/* Begin PBXSourcesBuildPhase section */
		5430F7A51F1D0E3D00CC37CC /* Sources */ = {
			isa = PBXSourcesBuildPhase;
			buildActionMask = 2147483647;
			files = (
				5430F7AF1F1D0E3D00CC37CC /* PeopleViewController.swift in Sources */,
				5430F7AD1F1D0E3D00CC37CC /* AppDelegate.swift in Sources */,
				5430F7C21F1D65E300CC37CC /* FilmsViewController.swift in Sources */,
				5430F7B51F1D0E3D00CC37CC /* Star_Wars_Encyclopedia.xcdatamodeld in Sources */,
			);
			runOnlyForDeploymentPostprocessing = 0;
		};
/* End PBXSourcesBuildPhase section */

/* Begin PBXVariantGroup section */
		5430F7B01F1D0E3D00CC37CC /* Main.storyboard */ = {
			isa = PBXVariantGroup;
			children = (
				5430F7B11F1D0E3D00CC37CC /* Base */,
			);
			name = Main.storyboard;
			sourceTree = "<group>";
		};
		5430F7B81F1D0E3D00CC37CC /* LaunchScreen.storyboard */ = {
			isa = PBXVariantGroup;
			children = (
				5430F7B91F1D0E3D00CC37CC /* Base */,
			);
			name = LaunchScreen.storyboard;
			sourceTree = "<group>";
		};
/* End PBXVariantGroup section */

/* Begin XCBuildConfiguration section */
		5430F7BC1F1D0E3D00CC37CC /* Debug */ = {
			isa = XCBuildConfiguration;
			buildSettings = {
				ALWAYS_SEARCH_USER_PATHS = NO;
				CLANG_ANALYZER_NONNULL = YES;
				CLANG_ANALYZER_NUMBER_OBJECT_CONVERSION = YES_AGGRESSIVE;
				CLANG_CXX_LANGUAGE_STANDARD = "gnu++0x";
				CLANG_CXX_LIBRARY = "libc++";
				CLANG_ENABLE_MODULES = YES;
				CLANG_ENABLE_OBJC_ARC = YES;
				CLANG_WARN_BOOL_CONVERSION = YES;
				CLANG_WARN_CONSTANT_CONVERSION = YES;
				CLANG_WARN_DIRECT_OBJC_ISA_USAGE = YES_ERROR;
				CLANG_WARN_DOCUMENTATION_COMMENTS = YES;
				CLANG_WARN_EMPTY_BODY = YES;
				CLANG_WARN_ENUM_CONVERSION = YES;
				CLANG_WARN_INFINITE_RECURSION = YES;
				CLANG_WARN_INT_CONVERSION = YES;
				CLANG_WARN_OBJC_ROOT_CLASS = YES_ERROR;
				CLANG_WARN_SUSPICIOUS_MOVE = YES;
				CLANG_WARN_UNREACHABLE_CODE = YES;
				CLANG_WARN__DUPLICATE_METHOD_MATCH = YES;
				"CODE_SIGN_IDENTITY[sdk=iphoneos*]" = "iPhone Developer";
				COPY_PHASE_STRIP = NO;
				DEBUG_INFORMATION_FORMAT = dwarf;
				ENABLE_STRICT_OBJC_MSGSEND = YES;
				ENABLE_TESTABILITY = YES;
				GCC_C_LANGUAGE_STANDARD = gnu99;
				GCC_DYNAMIC_NO_PIC = NO;
				GCC_NO_COMMON_BLOCKS = YES;
				GCC_OPTIMIZATION_LEVEL = 0;
				GCC_PREPROCESSOR_DEFINITIONS = (
					"DEBUG=1",
					"$(inherited)",
				);
				GCC_WARN_64_TO_32_BIT_CONVERSION = YES;
				GCC_WARN_ABOUT_RETURN_TYPE = YES_ERROR;
				GCC_WARN_UNDECLARED_SELECTOR = YES;
				GCC_WARN_UNINITIALIZED_AUTOS = YES_AGGRESSIVE;
				GCC_WARN_UNUSED_FUNCTION = YES;
				GCC_WARN_UNUSED_VARIABLE = YES;
				IPHONEOS_DEPLOYMENT_TARGET = 10.3;
				MTL_ENABLE_DEBUG_INFO = YES;
				ONLY_ACTIVE_ARCH = YES;
				SDKROOT = iphoneos;
				SWIFT_ACTIVE_COMPILATION_CONDITIONS = DEBUG;
				SWIFT_OPTIMIZATION_LEVEL = "-Onone";
				TARGETED_DEVICE_FAMILY = "1,2";
			};
			name = Debug;
		};
		5430F7BD1F1D0E3D00CC37CC /* Release */ = {
			isa = XCBuildConfiguration;
			buildSettings = {
				ALWAYS_SEARCH_USER_PATHS = NO;
				CLANG_ANALYZER_NONNULL = YES;
				CLANG_ANALYZER_NUMBER_OBJECT_CONVERSION = YES_AGGRESSIVE;
				CLANG_CXX_LANGUAGE_STANDARD = "gnu++0x";
				CLANG_CXX_LIBRARY = "libc++";
				CLANG_ENABLE_MODULES = YES;
				CLANG_ENABLE_OBJC_ARC = YES;
				CLANG_WARN_BOOL_CONVERSION = YES;
				CLANG_WARN_CONSTANT_CONVERSION = YES;
				CLANG_WARN_DIRECT_OBJC_ISA_USAGE = YES_ERROR;
				CLANG_WARN_DOCUMENTATION_COMMENTS = YES;
				CLANG_WARN_EMPTY_BODY = YES;
				CLANG_WARN_ENUM_CONVERSION = YES;
				CLANG_WARN_INFINITE_RECURSION = YES;
				CLANG_WARN_INT_CONVERSION = YES;
				CLANG_WARN_OBJC_ROOT_CLASS = YES_ERROR;
				CLANG_WARN_SUSPICIOUS_MOVE = YES;
				CLANG_WARN_UNREACHABLE_CODE = YES;
				CLANG_WARN__DUPLICATE_METHOD_MATCH = YES;
				"CODE_SIGN_IDENTITY[sdk=iphoneos*]" = "iPhone Developer";
				COPY_PHASE_STRIP = NO;
				DEBUG_INFORMATION_FORMAT = "dwarf-with-dsym";
				ENABLE_NS_ASSERTIONS = NO;
				ENABLE_STRICT_OBJC_MSGSEND = YES;
				GCC_C_LANGUAGE_STANDARD = gnu99;
				GCC_NO_COMMON_BLOCKS = YES;
				GCC_WARN_64_TO_32_BIT_CONVERSION = YES;
				GCC_WARN_ABOUT_RETURN_TYPE = YES_ERROR;
				GCC_WARN_UNDECLARED_SELECTOR = YES;
				GCC_WARN_UNINITIALIZED_AUTOS = YES_AGGRESSIVE;
				GCC_WARN_UNUSED_FUNCTION = YES;
				GCC_WARN_UNUSED_VARIABLE = YES;
				IPHONEOS_DEPLOYMENT_TARGET = 10.3;
				MTL_ENABLE_DEBUG_INFO = NO;
				SDKROOT = iphoneos;
				SWIFT_OPTIMIZATION_LEVEL = "-Owholemodule";
				TARGETED_DEVICE_FAMILY = "1,2";
				VALIDATE_PRODUCT = YES;
			};
			name = Release;
		};
		5430F7BF1F1D0E3D00CC37CC /* Debug */ = {
			isa = XCBuildConfiguration;
			buildSettings = {
				ASSETCATALOG_COMPILER_APPICON_NAME = AppIcon;
				DEVELOPMENT_TEAM = NT777CYM8D;
				INFOPLIST_FILE = "Star Wars Encyclopedia/Info.plist";
				LD_RUNPATH_SEARCH_PATHS = "$(inherited) @executable_path/Frameworks";
				PRODUCT_BUNDLE_IDENTIFIER = "com.sethrollsout.Star-Wars-Encyclopedia";
				PRODUCT_NAME = "$(TARGET_NAME)";
				SWIFT_VERSION = 3.0;
			};
			name = Debug;
		};
		5430F7C01F1D0E3D00CC37CC /* Release */ = {
			isa = XCBuildConfiguration;
			buildSettings = {
				ASSETCATALOG_COMPILER_APPICON_NAME = AppIcon;
				DEVELOPMENT_TEAM = NT777CYM8D;
				INFOPLIST_FILE = "Star Wars Encyclopedia/Info.plist";
				LD_RUNPATH_SEARCH_PATHS = "$(inherited) @executable_path/Frameworks";
				PRODUCT_BUNDLE_IDENTIFIER = "com.sethrollsout.Star-Wars-Encyclopedia";
				PRODUCT_NAME = "$(TARGET_NAME)";
				SWIFT_VERSION = 3.0;
			};
			name = Release;
		};
/* End XCBuildConfiguration section */

/* Begin XCConfigurationList section */
		5430F7A41F1D0E3D00CC37CC /* Build configuration list for PBXProject "Star Wars Encyclopedia" */ = {
			isa = XCConfigurationList;
			buildConfigurations = (
				5430F7BC1F1D0E3D00CC37CC /* Debug */,
				5430F7BD1F1D0E3D00CC37CC /* Release */,
			);
			defaultConfigurationIsVisible = 0;
			defaultConfigurationName = Release;
		};
		5430F7BE1F1D0E3D00CC37CC /* Build configuration list for PBXNativeTarget "Star Wars Encyclopedia" */ = {
			isa = XCConfigurationList;
			buildConfigurations = (
				5430F7BF1F1D0E3D00CC37CC /* Debug */,
				5430F7C01F1D0E3D00CC37CC /* Release */,
			);
			defaultConfigurationIsVisible = 0;
		};
/* End XCConfigurationList section */

/* Begin XCVersionGroup section */
		5430F7B31F1D0E3D00CC37CC /* Star_Wars_Encyclopedia.xcdatamodeld */ = {
			isa = XCVersionGroup;
			children = (
				5430F7B41F1D0E3D00CC37CC /* Star_Wars_Encyclopedia.xcdatamodel */,
			);
			currentVersion = 5430F7B41F1D0E3D00CC37CC /* Star_Wars_Encyclopedia.xcdatamodel */;
			path = Star_Wars_Encyclopedia.xcdatamodeld;
			sourceTree = "<group>";
			versionGroupType = wrapper.xcdatamodel;
		};
/* End XCVersionGroup section */
	};
	rootObject = 5430F7A11F1D0E3D00CC37CC /* Project object */;
}
